
Microsoft Visual Studio Solution File, Format Version 12.00
# Visual Studio Version 16
VisualStudioVersion = 16.0.29509.3
MinimumVisualStudioVersion = 10.0.40219.1
Project("{FAE04EC0-301F-11D3-BF4B-00C04F79EFBC}") = "EquityDailyWPF", "EquityDailyWPF\EquityDailyWPF.csproj", "{F49B9E40-2FBF-4141-B57A-8133A74AA9B6}"
EndProject
Global
	GlobalSection(SolutionConfigurationPlatforms) = preSolution
		Debug|Any CPU = Debug|Any CPU
		Debug|x64 = Debug|x64
		Release|Any CPU = Release|Any CPU
		Release|x64 = Release|x64
	EndGlobalSection
	GlobalSection(ProjectConfigurationPlatforms) = postSolution
		{F49B9E40-2FBF-4141-B57A-8133A74AA9B6}.Debug|Any CPU.ActiveCfg = Debug|Any CPU
		{F49B9E40-2FBF-4141-B57A-8133A74AA9B6}.Debug|Any CPU.Build.0 = Debug|Any CPU
		{F49B9E40-2FBF-4141-B57A-8133A74AA9B6}.Debug|x64.ActiveCfg = Debug|x64
		{F49B9E40-2FBF-4141-B57A-8133A74AA9B6}.Debug|x64.Build.0 = Debug|x64
		{F49B9E40-2FBF-4141-B57A-8133A74AA9B6}.Release|Any CPU.ActiveCfg = Release|Any CPU
		{F49B9E40-2FBF-4141-B57A-8133A74AA9B6}.Release|Any CPU.Build.0 = Release|Any CPU
		{F49B9E40-2FBF-4141-B57A-8133A74AA9B6}.Release|x64.ActiveCfg = Release|x64
		{F49B9E40-2FBF-4141-B57A-8133A74AA9B6}.Release|x64.Build.0 = Release|x64
	EndGlobalSection
	GlobalSection(SolutionProperties) = preSolution
		HideSolutionNode = FALSE
	EndGlobalSection
	GlobalSection(ExtensibilityGlobals) = postSolution
		SolutionGuid = {39EBBF98-1B10-40D7-BF0F-637C535F0733}
	EndGlobalSection
EndGlobal
